
Microsoft Visual Studio Solution File, Format Version 12.00
# Visual Studio Version 17
VisualStudioVersion = 17.10.35013.160
MinimumVisualStudioVersion = 10.0.40219.1
Project("{FAE04EC0-301F-11D3-BF4B-00C04F79EFBC}") = "Tetris", "Tetris.csproj", "{013FB477-BEED-41AE-887A-D527423974B9}"
EndProject
Global
	GlobalSection(SolutionConfigurationPlatforms) = preSolution
		Debug|Any CPU = Debug|Any CPU
		Release|Any CPU = Release|Any CPU
	EndGlobalSection
	GlobalSection(ProjectConfigurationPlatforms) = postSolution
		{013FB477-BEED-41AE-887A-D527423974B9}.Debug|Any CPU.ActiveCfg = Debug|Any CPU
		{013FB477-BEED-41AE-887A-D527423974B9}.Debug|Any CPU.Build.0 = Debug|Any CPU
		{013FB477-BEED-41AE-887A-D527423974B9}.Release|Any CPU.ActiveCfg = Release|Any CPU
		{013FB477-BEED-41AE-887A-D527423974B9}.Release|Any CPU.Build.0 = Release|Any CPU
	EndGlobalSection
	GlobalSection(SolutionProperties) = preSolution
		HideSolutionNode = FALSE
	EndGlobalSection
	GlobalSection(ExtensibilityGlobals) = postSolution
		SolutionGuid = {1227FD5C-6E66-46B5-99E8-DD619E367E2E}
	EndGlobalSection
EndGlobal
